// !$*UTF8*$!
{
	archiveVersion = 1;
	classes = {
	};
	objectVersion = 46;
	objects = {

/* Begin PBXBuildFile section */
		7E6A83CA1DF55EDC00159402 /* PanTransition.swift in Sources */ = {isa = PBXBuildFile; fileRef = 7E6A83C91DF55EDC00159402 /* PanTransition.swift */; };
		7E9A253D1E04D9170041AD15 /* presentImg.jpeg in Resources */ = {isa = PBXBuildFile; fileRef = 7E9A253C1E04D9170041AD15 /* presentImg.jpeg */; };
		7EDD85181E09062B00130E8B /* PageCoverFirst.swift in Sources */ = {isa = PBXBuildFile; fileRef = 7EDD85171E09062B00130E8B /* PageCoverFirst.swift */; };
		7EDD851A1E09064200130E8B /* PageCoverSecond.swift in Sources */ = {isa = PBXBuildFile; fileRef = 7EDD85191E09064200130E8B /* PageCoverSecond.swift */; };
		7EDD851C1E09065C00130E8B /* PageCoverTransition.swift in Sources */ = {isa = PBXBuildFile; fileRef = 7EDD851B1E09065C00130E8B /* PageCoverTransition.swift */; };
		7EDE61301E0A148B002CD4A2 /* ImagesView.swift in Sources */ = {isa = PBXBuildFile; fileRef = 7EDE612F1E0A148B002CD4A2 /* ImagesView.swift */; };
		7EE6D89B1E03D1D60058AA89 /* PresentTransition.swift in Sources */ = {isa = PBXBuildFile; fileRef = 7EE6D89A1E03D1D60058AA89 /* PresentTransition.swift */; };
		7EE6D89F1E03DD250058AA89 /* PresentSecond.swift in Sources */ = {isa = PBXBuildFile; fileRef = 7EE6D89E1E03DD250058AA89 /* PresentSecond.swift */; };
		7EE6D8A11E03DD3C0058AA89 /* PresentFirst.swift in Sources */ = {isa = PBXBuildFile; fileRef = 7EE6D8A01E03DD3C0058AA89 /* PresentFirst.swift */; };
		7EF8ECA31DF15DF00098F4CC /* AppDelegate.swift in Sources */ = {isa = PBXBuildFile; fileRef = 7EF8ECA21DF15DF00098F4CC /* AppDelegate.swift */; };
		7EF8ECA51DF15DF00098F4CC /* ViewController.swift in Sources */ = {isa = PBXBuildFile; fileRef = 7EF8ECA41DF15DF00098F4CC /* ViewController.swift */; };
		7EF8ECA81DF15DF00098F4CC /* Main.storyboard in Resources */ = {isa = PBXBuildFile; fileRef = 7EF8ECA61DF15DF00098F4CC /* Main.storyboard */; };
		7EF8ECAA1DF15DF00098F4CC /* Assets.xcassets in Resources */ = {isa = PBXBuildFile; fileRef = 7EF8ECA91DF15DF00098F4CC /* Assets.xcassets */; };
		7EF8ECAD1DF15DF00098F4CC /* LaunchScreen.storyboard in Resources */ = {isa = PBXBuildFile; fileRef = 7EF8ECAB1DF15DF00098F4CC /* LaunchScreen.storyboard */; };
		7EF8ECB51DF162C80098F4CC /* MagicFirst.swift in Sources */ = {isa = PBXBuildFile; fileRef = 7EF8ECB41DF162C80098F4CC /* MagicFirst.swift */; };
		7EF8ECB71DF162DD0098F4CC /* MagicSecond.swift in Sources */ = {isa = PBXBuildFile; fileRef = 7EF8ECB61DF162DD0098F4CC /* MagicSecond.swift */; };
		7EF8ECBD1DF163300098F4CC /* MagicTransition.swift in Sources */ = {isa = PBXBuildFile; fileRef = 7EF8ECBC1DF163300098F4CC /* MagicTransition.swift */; };
/* End PBXBuildFile section */

/* Begin PBXFileReference section */
		7E6A83C91DF55EDC00159402 /* PanTransition.swift */ = {isa = PBXFileReference; fileEncoding = 4; lastKnownFileType = sourcecode.swift; path = PanTransition.swift; sourceTree = "<group>"; };
		7E9A253C1E04D9170041AD15 /* presentImg.jpeg */ = {isa = PBXFileReference; lastKnownFileType = image.jpeg; path = presentImg.jpeg; sourceTree = "<group>"; };
		7EDD85171E09062B00130E8B /* PageCoverFirst.swift */ = {isa = PBXFileReference; fileEncoding = 4; lastKnownFileType = sourcecode.swift; path = PageCoverFirst.swift; sourceTree = "<group>"; };
		7EDD85191E09064200130E8B /* PageCoverSecond.swift */ = {isa = PBXFileReference; fileEncoding = 4; lastKnownFileType = sourcecode.swift; path = PageCoverSecond.swift; sourceTree = "<group>"; };
		7EDD851B1E09065C00130E8B /* PageCoverTransition.swift */ = {isa = PBXFileReference; fileEncoding = 4; lastKnownFileType = sourcecode.swift; path = PageCoverTransition.swift; sourceTree = "<group>"; };
		7EDE612F1E0A148B002CD4A2 /* ImagesView.swift */ = {isa = PBXFileReference; fileEncoding = 4; lastKnownFileType = sourcecode.swift; path = ImagesView.swift; sourceTree = "<group>"; };
		7EE6D89A1E03D1D60058AA89 /* PresentTransition.swift */ = {isa = PBXFileReference; fileEncoding = 4; lastKnownFileType = sourcecode.swift; path = PresentTransition.swift; sourceTree = "<group>"; };
		7EE6D89E1E03DD250058AA89 /* PresentSecond.swift */ = {isa = PBXFileReference; fileEncoding = 4; lastKnownFileType = sourcecode.swift; path = PresentSecond.swift; sourceTree = "<group>"; };
		7EE6D8A01E03DD3C0058AA89 /* PresentFirst.swift */ = {isa = PBXFileReference; fileEncoding = 4; lastKnownFileType = sourcecode.swift; path = PresentFirst.swift; sourceTree = "<group>"; };
		7EF8EC9F1DF15DF00098F4CC /* CCPTransitionBySwift.app */ = {isa = PBXFileReference; explicitFileType = wrapper.application; includeInIndex = 0; path = CCPTransitionBySwift.app; sourceTree = BUILT_PRODUCTS_DIR; };
		7EF8ECA21DF15DF00098F4CC /* AppDelegate.swift */ = {isa = PBXFileReference; lastKnownFileType = sourcecode.swift; path = AppDelegate.swift; sourceTree = "<group>"; };
		7EF8ECA41DF15DF00098F4CC /* ViewController.swift */ = {isa = PBXFileReference; lastKnownFileType = sourcecode.swift; path = ViewController.swift; sourceTree = "<group>"; };
		7EF8ECA71DF15DF00098F4CC /* Base */ = {isa = PBXFileReference; lastKnownFileType = file.storyboard; name = Base; path = Base.lproj/Main.storyboard; sourceTree = "<group>"; };
		7EF8ECA91DF15DF00098F4CC /* Assets.xcassets */ = {isa = PBXFileReference; lastKnownFileType = folder.assetcatalog; path = Assets.xcassets; sourceTree = "<group>"; };
		7EF8ECAC1DF15DF00098F4CC /* Base */ = {isa = PBXFileReference; lastKnownFileType = file.storyboard; name = Base; path = Base.lproj/LaunchScreen.storyboard; sourceTree = "<group>"; };
		7EF8ECAE1DF15DF00098F4CC /* Info.plist */ = {isa = PBXFileReference; lastKnownFileType = text.plist.xml; path = Info.plist; sourceTree = "<group>"; };
		7EF8ECB41DF162C80098F4CC /* MagicFirst.swift */ = {isa = PBXFileReference; fileEncoding = 4; lastKnownFileType = sourcecode.swift; path = MagicFirst.swift; sourceTree = "<group>"; };
		7EF8ECB61DF162DD0098F4CC /* MagicSecond.swift */ = {isa = PBXFileReference; fileEncoding = 4; lastKnownFileType = sourcecode.swift; path = MagicSecond.swift; sourceTree = "<group>"; };
		7EF8ECBC1DF163300098F4CC /* MagicTransition.swift */ = {isa = PBXFileReference; fileEncoding = 4; lastKnownFileType = sourcecode.swift; path = MagicTransition.swift; sourceTree = "<group>"; };
/* End PBXFileReference section */

/* Begin PBXFrameworksBuildPhase section */
		7EF8EC9C1DF15DF00098F4CC /* Frameworks */ = {
			isa = PBXFrameworksBuildPhase;
			buildActionMask = 2147483647;
			files = (
			);
			runOnlyForDeploymentPostprocessing = 0;
		};
/* End PBXFrameworksBuildPhase section */

/* Begin PBXGroup section */
		7EDD85161E09051E00130E8B /* PageCover */ = {
			isa = PBXGroup;
			children = (
				7EDD85171E09062B00130E8B /* PageCoverFirst.swift */,
				7EDD85191E09064200130E8B /* PageCoverSecond.swift */,
				7EDD851B1E09065C00130E8B /* PageCoverTransition.swift */,
			);
			name = PageCover;
			sourceTree = "<group>";
		};
		7EDE612C1E0A1446002CD4A2 /* ImagesView */ = {
			isa = PBXGroup;
			children = (
				7EDE612F1E0A148B002CD4A2 /* ImagesView.swift */,
			);
			name = ImagesView;
			sourceTree = "<group>";
		};
		7EE6D8981E03D13F0058AA89 /* Magic */ = {
			isa = PBXGroup;
			children = (
				7EF8ECBC1DF163300098F4CC /* MagicTransition.swift */,
				7EF8ECB61DF162DD0098F4CC /* MagicSecond.swift */,
				7EF8ECB41DF162C80098F4CC /* MagicFirst.swift */,
			);
			name = Magic;
			sourceTree = "<group>";
		};
		7EE6D8991E03D16F0058AA89 /* present */ = {
			isa = PBXGroup;
			children = (
				7EE6D89A1E03D1D60058AA89 /* PresentTransition.swift */,
				7EE6D8A01E03DD3C0058AA89 /* PresentFirst.swift */,
				7EE6D89E1E03DD250058AA89 /* PresentSecond.swift */,
			);
			name = present;
			sourceTree = "<group>";
		};
		7EF8EC961DF15DF00098F4CC = {
			isa = PBXGroup;
			children = (
				7EF8ECA11DF15DF00098F4CC /* CCPTransitionBySwift */,
				7EF8ECA01DF15DF00098F4CC /* Products */,
			);
			sourceTree = "<group>";
		};
		7EF8ECA01DF15DF00098F4CC /* Products */ = {
			isa = PBXGroup;
			children = (
				7EF8EC9F1DF15DF00098F4CC /* CCPTransitionBySwift.app */,
			);
			name = Products;
			sourceTree = "<group>";
		};
		7EF8ECA11DF15DF00098F4CC /* CCPTransitionBySwift */ = {
			isa = PBXGroup;
			children = (
				7EDE612C1E0A1446002CD4A2 /* ImagesView */,
				7EDD85161E09051E00130E8B /* PageCover */,
				7EE6D8991E03D16F0058AA89 /* present */,
				7EE6D8981E03D13F0058AA89 /* Magic */,
				7EF8ECA21DF15DF00098F4CC /* AppDelegate.swift */,
				7E6A83C91DF55EDC00159402 /* PanTransition.swift */,
				7EF8ECA41DF15DF00098F4CC /* ViewController.swift */,
				7EF8ECA61DF15DF00098F4CC /* Main.storyboard */,
				7EF8ECA91DF15DF00098F4CC /* Assets.xcassets */,
				7EF8ECAB1DF15DF00098F4CC /* LaunchScreen.storyboard */,
				7EF8ECAE1DF15DF00098F4CC /* Info.plist */,
				7E9A253C1E04D9170041AD15 /* presentImg.jpeg */,
			);
			path = CCPTransitionBySwift;
			sourceTree = "<group>";
		};
/* End PBXGroup section */

/* Begin PBXNativeTarget section */
		7EF8EC9E1DF15DF00098F4CC /* CCPTransitionBySwift */ = {
			isa = PBXNativeTarget;
			buildConfigurationList = 7EF8ECB11DF15DF00098F4CC /* Build configuration list for PBXNativeTarget "CCPTransitionBySwift" */;
			buildPhases = (
				7EF8EC9B1DF15DF00098F4CC /* Sources */,
				7EF8EC9C1DF15DF00098F4CC /* Frameworks */,
				7EF8EC9D1DF15DF00098F4CC /* Resources */,
			);
			buildRules = (
			);
			dependencies = (
			);
			name = CCPTransitionBySwift;
			productName = CCPTransitionBySwift;
			productReference = 7EF8EC9F1DF15DF00098F4CC /* CCPTransitionBySwift.app */;
			productType = "com.apple.product-type.application";
		};
/* End PBXNativeTarget section */

/* Begin PBXProject section */
		7EF8EC971DF15DF00098F4CC /* Project object */ = {
			isa = PBXProject;
			attributes = {
				LastSwiftUpdateCheck = 0800;
				LastUpgradeCheck = 0800;
				ORGANIZATIONNAME = RUIYI;
				TargetAttributes = {
					7EF8EC9E1DF15DF00098F4CC = {
						CreatedOnToolsVersion = 8.0;
						DevelopmentTeam = H2969SVRUG;
						ProvisioningStyle = Automatic;
					};
				};
			};
			buildConfigurationList = 7EF8EC9A1DF15DF00098F4CC /* Build configuration list for PBXProject "CCPTransitionBySwift" */;
			compatibilityVersion = "Xcode 3.2";
			developmentRegion = English;
			hasScannedForEncodings = 0;
			knownRegions = (
				en,
				Base,
			);
			mainGroup = 7EF8EC961DF15DF00098F4CC;
			productRefGroup = 7EF8ECA01DF15DF00098F4CC /* Products */;
			projectDirPath = "";
			projectRoot = "";
			targets = (
				7EF8EC9E1DF15DF00098F4CC /* CCPTransitionBySwift */,
			);
		};
/* End PBXProject section */

/* Begin PBXResourcesBuildPhase section */
		7EF8EC9D1DF15DF00098F4CC /* Resources */ = {
			isa = PBXResourcesBuildPhase;
			buildActionMask = 2147483647;
			files = (
				7EF8ECAD1DF15DF00098F4CC /* LaunchScreen.storyboard in Resources */,
				7EF8ECAA1DF15DF00098F4CC /* Assets.xcassets in Resources */,
				7EF8ECA81DF15DF00098F4CC /* Main.storyboard in Resources */,
				7E9A253D1E04D9170041AD15 /* presentImg.jpeg in Resources */,
			);
			runOnlyForDeploymentPostprocessing = 0;
		};
/* End PBXResourcesBuildPhase section */

/* Begin PBXSourcesBuildPhase section */
		7EF8EC9B1DF15DF00098F4CC /* Sources */ = {
			isa = PBXSourcesBuildPhase;
			buildActionMask = 2147483647;
			files = (
				7EF8ECB51DF162C80098F4CC /* MagicFirst.swift in Sources */,
				7EE6D89B1E03D1D60058AA89 /* PresentTransition.swift in Sources */,
				7EF8ECBD1DF163300098F4CC /* MagicTransition.swift in Sources */,
				7EDE61301E0A148B002CD4A2 /* ImagesView.swift in Sources */,
				7E6A83CA1DF55EDC00159402 /* PanTransition.swift in Sources */,
				7EE6D8A11E03DD3C0058AA89 /* PresentFirst.swift in Sources */,
				7EE6D89F1E03DD250058AA89 /* PresentSecond.swift in Sources */,
				7EF8ECB71DF162DD0098F4CC /* MagicSecond.swift in Sources */,
				7EDD851C1E09065C00130E8B /* PageCoverTransition.swift in Sources */,
				7EF8ECA51DF15DF00098F4CC /* ViewController.swift in Sources */,
				7EF8ECA31DF15DF00098F4CC /* AppDelegate.swift in Sources */,
				7EDD851A1E09064200130E8B /* PageCoverSecond.swift in Sources */,
				7EDD85181E09062B00130E8B /* PageCoverFirst.swift in Sources */,
			);
			runOnlyForDeploymentPostprocessing = 0;
		};
/* End PBXSourcesBuildPhase section */

/* Begin PBXVariantGroup section */
		7EF8ECA61DF15DF00098F4CC /* Main.storyboard */ = {
			isa = PBXVariantGroup;
			children = (
				7EF8ECA71DF15DF00098F4CC /* Base */,
			);
			name = Main.storyboard;
			sourceTree = "<group>";
		};
		7EF8ECAB1DF15DF00098F4CC /* LaunchScreen.storyboard */ = {
			isa = PBXVariantGroup;
			children = (
				7EF8ECAC1DF15DF00098F4CC /* Base */,
			);
			name = LaunchScreen.storyboard;
			sourceTree = "<group>";
		};
/* End PBXVariantGroup section */

/* Begin XCBuildConfiguration section */
		7EF8ECAF1DF15DF00098F4CC /* Debug */ = {
			isa = XCBuildConfiguration;
			buildSettings = {
				ALWAYS_SEARCH_USER_PATHS = NO;
				CLANG_ANALYZER_NONNULL = YES;
				CLANG_CXX_LANGUAGE_STANDARD = "gnu++0x";
				CLANG_CXX_LIBRARY = "libc++";
				CLANG_ENABLE_MODULES = YES;
				CLANG_ENABLE_OBJC_ARC = YES;
				CLANG_WARN_BOOL_CONVERSION = YES;
				CLANG_WARN_CONSTANT_CONVERSION = YES;
				CLANG_WARN_DIRECT_OBJC_ISA_USAGE = YES_ERROR;
				CLANG_WARN_DOCUMENTATION_COMMENTS = YES;
				CLANG_WARN_EMPTY_BODY = YES;
				CLANG_WARN_ENUM_CONVERSION = YES;
				CLANG_WARN_INFINITE_RECURSION = YES;
				CLANG_WARN_INT_CONVERSION = YES;
				CLANG_WARN_OBJC_ROOT_CLASS = YES_ERROR;
				CLANG_WARN_SUSPICIOUS_MOVES = YES;
				CLANG_WARN_UNREACHABLE_CODE = YES;
				CLANG_WARN__DUPLICATE_METHOD_MATCH = YES;
				"CODE_SIGN_IDENTITY[sdk=iphoneos*]" = "iPhone Developer";
				COPY_PHASE_STRIP = NO;
				DEBUG_INFORMATION_FORMAT = dwarf;
				ENABLE_STRICT_OBJC_MSGSEND = YES;
				ENABLE_TESTABILITY = YES;
				GCC_C_LANGUAGE_STANDARD = gnu99;
				GCC_DYNAMIC_NO_PIC = NO;
				GCC_NO_COMMON_BLOCKS = YES;
				GCC_OPTIMIZATION_LEVEL = 0;
				GCC_PREPROCESSOR_DEFINITIONS = (
					"DEBUG=1",
					"$(inherited)",
				);
				GCC_WARN_64_TO_32_BIT_CONVERSION = YES;
				GCC_WARN_ABOUT_RETURN_TYPE = YES_ERROR;
				GCC_WARN_UNDECLARED_SELECTOR = YES;
				GCC_WARN_UNINITIALIZED_AUTOS = YES_AGGRESSIVE;
				GCC_WARN_UNUSED_FUNCTION = YES;
				GCC_WARN_UNUSED_VARIABLE = YES;
				IPHONEOS_DEPLOYMENT_TARGET = 10.0;
				MTL_ENABLE_DEBUG_INFO = YES;
				ONLY_ACTIVE_ARCH = YES;
				SDKROOT = iphoneos;
				SWIFT_ACTIVE_COMPILATION_CONDITIONS = DEBUG;
				SWIFT_OPTIMIZATION_LEVEL = "-Onone";
			};
			name = Debug;
		};
		7EF8ECB01DF15DF00098F4CC /* Release */ = {
			isa = XCBuildConfiguration;
			buildSettings = {
				ALWAYS_SEARCH_USER_PATHS = NO;
				CLANG_ANALYZER_NONNULL = YES;
				CLANG_CXX_LANGUAGE_STANDARD = "gnu++0x";
				CLANG_CXX_LIBRARY = "libc++";
				CLANG_ENABLE_MODULES = YES;
				CLANG_ENABLE_OBJC_ARC = YES;
				CLANG_WARN_BOOL_CONVERSION = YES;
				CLANG_WARN_CONSTANT_CONVERSION = YES;
				CLANG_WARN_DIRECT_OBJC_ISA_USAGE = YES_ERROR;
				CLANG_WARN_DOCUMENTATION_COMMENTS = YES;
				CLANG_WARN_EMPTY_BODY = YES;
				CLANG_WARN_ENUM_CONVERSION = YES;
				CLANG_WARN_INFINITE_RECURSION = YES;
				CLANG_WARN_INT_CONVERSION = YES;
				CLANG_WARN_OBJC_ROOT_CLASS = YES_ERROR;
				CLANG_WARN_SUSPICIOUS_MOVES = YES;
				CLANG_WARN_UNREACHABLE_CODE = YES;
				CLANG_WARN__DUPLICATE_METHOD_MATCH = YES;
				"CODE_SIGN_IDENTITY[sdk=iphoneos*]" = "iPhone Developer";
				COPY_PHASE_STRIP = NO;
				DEBUG_INFORMATION_FORMAT = "dwarf-with-dsym";
				ENABLE_NS_ASSERTIONS = NO;
				ENABLE_STRICT_OBJC_MSGSEND = YES;
				GCC_C_LANGUAGE_STANDARD = gnu99;
				GCC_NO_COMMON_BLOCKS = YES;
				GCC_WARN_64_TO_32_BIT_CONVERSION = YES;
				GCC_WARN_ABOUT_RETURN_TYPE = YES_ERROR;
				GCC_WARN_UNDECLARED_SELECTOR = YES;
				GCC_WARN_UNINITIALIZED_AUTOS = YES_AGGRESSIVE;
				GCC_WARN_UNUSED_FUNCTION = YES;
				GCC_WARN_UNUSED_VARIABLE = YES;
				IPHONEOS_DEPLOYMENT_TARGET = 10.0;
				MTL_ENABLE_DEBUG_INFO = NO;
				SDKROOT = iphoneos;
				SWIFT_OPTIMIZATION_LEVEL = "-Owholemodule";
				VALIDATE_PRODUCT = YES;
			};
			name = Release;
		};
		7EF8ECB21DF15DF00098F4CC /* Debug */ = {
			isa = XCBuildConfiguration;
			buildSettings = {
				ASSETCATALOG_COMPILER_APPICON_NAME = AppIcon;
				DEVELOPMENT_TEAM = H2969SVRUG;
				INFOPLIST_FILE = CCPTransitionBySwift/Info.plist;
				LD_RUNPATH_SEARCH_PATHS = "$(inherited) @executable_path/Frameworks";
				PRODUCT_BUNDLE_IDENTIFIER = com.ruiyi.CCPTransitionBySwift;
				PRODUCT_NAME = "$(TARGET_NAME)";
				SWIFT_VERSION = 3.0;
			};
			name = Debug;
		};
		7EF8ECB31DF15DF00098F4CC /* Release */ = {
			isa = XCBuildConfiguration;
			buildSettings = {
				ASSETCATALOG_COMPILER_APPICON_NAME = AppIcon;
				DEVELOPMENT_TEAM = H2969SVRUG;
				INFOPLIST_FILE = CCPTransitionBySwift/Info.plist;
				LD_RUNPATH_SEARCH_PATHS = "$(inherited) @executable_path/Frameworks";
				PRODUCT_BUNDLE_IDENTIFIER = com.ruiyi.CCPTransitionBySwift;
				PRODUCT_NAME = "$(TARGET_NAME)";
				SWIFT_VERSION = 3.0;
			};
			name = Release;
		};
/* End XCBuildConfiguration section */

/* Begin XCConfigurationList section */
		7EF8EC9A1DF15DF00098F4CC /* Build configuration list for PBXProject "CCPTransitionBySwift" */ = {
			isa = XCConfigurationList;
			buildConfigurations = (
				7EF8ECAF1DF15DF00098F4CC /* Debug */,
				7EF8ECB01DF15DF00098F4CC /* Release */,
			);
			defaultConfigurationIsVisible = 0;
			defaultConfigurationName = Release;
		};
		7EF8ECB11DF15DF00098F4CC /* Build configuration list for PBXNativeTarget "CCPTransitionBySwift" */ = {
			isa = XCConfigurationList;
			buildConfigurations = (
				7EF8ECB21DF15DF00098F4CC /* Debug */,
				7EF8ECB31DF15DF00098F4CC /* Release */,
			);
			defaultConfigurationIsVisible = 0;
			defaultConfigurationName = Release;
		};
/* End XCConfigurationList section */
	};
	rootObject = 7EF8EC971DF15DF00098F4CC /* Project object */;
}
